{
    "version": 3,
    "terraform_version": "0.11.11",
    "serial": 2,
    "lineage": "3f502136-bc0c-50d6-098b-e2cef02694a1",
    "modules": [
        {
            "path": [
                "root"
            ],
            "outputs": {},
            "resources": {
                "aws_sqs_queue.terraform_queue": {
                    "type": "aws_sqs_queue",
                    "depends_on": [
                        "aws_sqs_queue.terraform_queue_deadletter"
                    ],
                    "primary": {
                        "id": "https://sqs.us-east-1.amazonaws.com/502004135298/sqs-queue",
                        "attributes": {
                            "arn": "arn:aws:sqs:us-east-1:502004135298:sqs-queue",
                            "content_based_deduplication": "false",
                            "delay_seconds": "90",
                            "fifo_queue": "false",
                            "id": "https://sqs.us-east-1.amazonaws.com/502004135298/sqs-queue",
                            "max_message_size": "2048",
                            "message_retention_seconds": "1209600",
                            "name": "sqs-queue",
                            "receive_wait_time_seconds": "10",
                            "redrive_policy": "{\"deadLetterTargetArn\":\"arn:aws:sqs:us-east-1:502004135298:sqs-queue-dead-letter\",\"maxReceiveCount\":4}",
                            "tags.%": "2",
                            "tags.org": "trafficlens",
                            "tags.product": "trafficlens-go",
                            "visibility_timeout_seconds": "30"
                        },
                        "meta": {},
                        "tainted": false
                    },
                    "deposed": [],
                    "provider": "provider.aws"
                },
                "aws_sqs_queue.terraform_queue_deadletter": {
                    "type": "aws_sqs_queue",
                    "depends_on": [],
                    "primary": {
                        "id": "https://sqs.us-east-1.amazonaws.com/502004135298/sqs-queue-dead-letter",
                        "attributes": {
                            "arn": "arn:aws:sqs:us-east-1:502004135298:sqs-queue-dead-letter",
                            "content_based_deduplication": "false",
                            "delay_seconds": "90",
                            "fifo_queue": "false",
                            "id": "https://sqs.us-east-1.amazonaws.com/502004135298/sqs-queue-dead-letter",
                            "max_message_size": "2048",
                            "message_retention_seconds": "86400",
                            "name": "sqs-queue-dead-letter",
                            "receive_wait_time_seconds": "10",
                            "tags.%": "2",
                            "tags.org": "trafficlens",
                            "tags.product": "trafficlens-go",
                            "visibility_timeout_seconds": "30"
                        },
                        "meta": {},
                        "tainted": false
                    },
                    "deposed": [],
                    "provider": "provider.aws"
                }
            },
            "depends_on": []
        }
    ]
}
